# This file is autogenerated, do not edit; changes may be undone by the next 'dep ensure'.


[[projects]]
  branch = "master"
  name = "github.com/alexflint/go-arg"
  packages = ["."]
  revision = "59fccacb2679dde66e0b20ed65bd26178fcbf54e"

[[projects]]
  branch = "master"
  name = "github.com/alexflint/go-scalar"
  packages = ["."]
  revision = "e80c3b7ed292b052c7083b6fd7154a8422c33f65"

[solve-meta]
  analyzer-name = "dep"
  analyzer-version = 1
  inputs-digest = "495617a9c31afaed3e72997f5f976a57294a141387b542dcc074f8099a6b221e"
  solver-name = "gps-cdcl"
  solver-version = 1
